{
  "name": "social-scheduler",
  "lockfileVersion": 3,
  "requires": true,
  "packages": {
    "": {
      "dependencies": {
        "@zernio/node": "^0.2.560"
      }
    },
    "node_modules/@zernio/node": {
      "version": "0.2.560",
      "resolved": "https://registry.npmjs.org/@zernio/node/-/node-0.2.560.tgz",
      "integrity": "sha512-DG/lP9W5mRxpUUIduCR4f13nkmoM0+Jr2hDhsTfx60uwd+ZKoddizvPgFafArhVKXeOAjJeS4kkmgTcoEJQBPg==",
      "license": "Apache-2.0",
      "engines": {
        "node": ">=18"
      }
    }
  }
}
